# This file is automatically @generated by Poetry 2.1.2 and should not be changed by hand.

[[package]]
name = "pylatexenc"
version = "2.10"
description = "Simple LaTeX parser providing latex-to-unicode and unicode-to-latex conversion"
optional = false
python-versions = "*"
groups = ["main"]
files = [
    {file = "pylatexenc-2.10.tar.gz", hash = "sha256:3dd8fd84eb46dc30bee1e23eaab8d8fb5a7f507347b23e5f38ad9675c84f40d3"},
]

[[package]]
name = "pymupdf"
version = "1.25.5"
description = "A high performance Python library for data extraction, analysis, conversion & manipulation of PDF (and other) documents."
optional = false
python-versions = ">=3.9"
groups = ["main"]
files = [
    {file = "pymupdf-1.25.5-cp39-abi3-macosx_10_9_x86_64.whl", hash = "sha256:cde4e1c9cfb09c0e1e9c2b7f4b787dd6bb34a32cfe141a4675e24af7c0c25dd3"},
    {file = "pymupdf-1.25.5-cp39-abi3-macosx_11_0_arm64.whl", hash = "sha256:5a35e2725fae0ab57f058dff77615c15eb5961eac50ba04f41ebc792cd8facad"},
    {file = "pymupdf-1.25.5-cp39-abi3-manylinux2014_aarch64.manylinux_2_17_aarch64.whl", hash = "sha256:d94b800e9501929c42283d39bc241001dd87fdeea297b5cb40d5b5714534452f"},
    {file = "pymupdf-1.25.5-cp39-abi3-manylinux2014_x86_64.manylinux_2_17_x86_64.whl", hash = "sha256:ee22155d3a634642d76553204867d862ae1bdd9f7cf70c0797d8127ebee6bed5"},
    {file = "pymupdf-1.25.5-cp39-abi3-musllinux_1_2_x86_64.whl", hash = "sha256:6ed7fc25271004d6d3279c20a80cb2bb4cda3efa9f9088dcc07cd790eca0bc63"},
    {file = "pymupdf-1.25.5-cp39-abi3-win32.whl", hash = "sha256:65e18ddb37fe8ec4edcdbebe9be3a8486b6a2f42609d0a142677e42f3a0614f8"},
    {file = "pymupdf-1.25.5-cp39-abi3-win_amd64.whl", hash = "sha256:7f44bc3d03ea45b2f68c96464f96105e8c7908896f2fb5e8c04f1fb8dae7981e"},
    {file = "pymupdf-1.25.5.tar.gz", hash = "sha256:5f96311cacd13254c905f6654a004a0a2025b71cabc04fda667f5472f72c15a0"},
]

[metadata]
lock-version = "2.1"
python-versions = ">=3.10"
content-hash = "f3265824b4b5de8de4fc593190a769daa366f38ad7f32f8054d4deb0f99d8dcc"
